
Microsoft Visual Studio Solution File, Format Version 12.00
# Visual Studio Version 17
VisualStudioVersion = 17.5.33424.131
MinimumVisualStudioVersion = 10.0.40219.1
Project("{9A19103F-16F7-4668-BE54-9A1E7A4F7556}") = "TicTacToeApi", "TicTacToeApi\TicTacToeApi.csproj", "{99A9A28E-4EE4-4FB8-B479-51B631B831ED}"
EndProject
Project("{FAE04EC0-301F-11D3-BF4B-00C04F79EFBC}") = "TicTacToeApi.Dal", "TicTacToeApi.Dal\TicTacToeApi.Dal.csproj", "{0DE651C9-369C-4B41-878E-3A328EAA264B}"
EndProject
Global
	GlobalSection(SolutionConfigurationPlatforms) = preSolution
		Debug|Any CPU = Debug|Any CPU
		Release|Any CPU = Release|Any CPU
	EndGlobalSection
	GlobalSection(ProjectConfigurationPlatforms) = postSolution
		{99A9A28E-4EE4-4FB8-B479-51B631B831ED}.Debug|Any CPU.ActiveCfg = Debug|Any CPU
		{99A9A28E-4EE4-4FB8-B479-51B631B831ED}.Debug|Any CPU.Build.0 = Debug|Any CPU
		{99A9A28E-4EE4-4FB8-B479-51B631B831ED}.Release|Any CPU.ActiveCfg = Release|Any CPU
		{99A9A28E-4EE4-4FB8-B479-51B631B831ED}.Release|Any CPU.Build.0 = Release|Any CPU
		{0DE651C9-369C-4B41-878E-3A328EAA264B}.Debug|Any CPU.ActiveCfg = Debug|Any CPU
		{0DE651C9-369C-4B41-878E-3A328EAA264B}.Debug|Any CPU.Build.0 = Debug|Any CPU
		{0DE651C9-369C-4B41-878E-3A328EAA264B}.Release|Any CPU.ActiveCfg = Release|Any CPU
		{0DE651C9-369C-4B41-878E-3A328EAA264B}.Release|Any CPU.Build.0 = Release|Any CPU
	EndGlobalSection
	GlobalSection(SolutionProperties) = preSolution
		HideSolutionNode = FALSE
	EndGlobalSection
	GlobalSection(ExtensibilityGlobals) = postSolution
		SolutionGuid = {B30286A8-9AD9-47A0-887D-FF2102D9FA5C}
	EndGlobalSection
EndGlobal
